
Microsoft Visual Studio Solution File, Format Version 12.00
# Visual Studio Version 17
VisualStudioVersion = 17.9.34723.18
MinimumVisualStudioVersion = 10.0.40219.1
Project("{FAE04EC0-301F-11D3-BF4B-00C04F79EFBC}") = "Maze-Game", "Maze-Game.csproj", "{BED85757-28F1-478F-8CB5-AD9A74434215}"
EndProject
Global
	GlobalSection(SolutionConfigurationPlatforms) = preSolution
		Debug|Any CPU = Debug|Any CPU
		Release|Any CPU = Release|Any CPU
	EndGlobalSection
	GlobalSection(ProjectConfigurationPlatforms) = postSolution
		{BED85757-28F1-478F-8CB5-AD9A74434215}.Debug|Any CPU.ActiveCfg = Debug|Any CPU
		{BED85757-28F1-478F-8CB5-AD9A74434215}.Debug|Any CPU.Build.0 = Debug|Any CPU
		{BED85757-28F1-478F-8CB5-AD9A74434215}.Release|Any CPU.ActiveCfg = Release|Any CPU
		{BED85757-28F1-478F-8CB5-AD9A74434215}.Release|Any CPU.Build.0 = Release|Any CPU
	EndGlobalSection
	GlobalSection(SolutionProperties) = preSolution
		HideSolutionNode = FALSE
	EndGlobalSection
	GlobalSection(ExtensibilityGlobals) = postSolution
		SolutionGuid = {F1108AE6-730E-42F7-A32E-3DF9E6810D1B}
	EndGlobalSection
EndGlobal
